
Microsoft Visual Studio Solution File, Format Version 12.00
# Visual Studio Version 16
VisualStudioVersion = 16.0.30907.101
MinimumVisualStudioVersion = 10.0.40219.1
Project("{9A19103F-16F7-4668-BE54-9A1E7A4F7556}") = "KampIntro", "KampIntro\KampIntro.csproj", "{4E4CBBDC-E846-40A6-8113-CF8BBF0A6B75}"
EndProject
Project("{9A19103F-16F7-4668-BE54-9A1E7A4F7556}") = "Donguler", "Donguler\Donguler.csproj", "{7E5B4EEF-8AE6-4EFE-8059-98D0565CAE0C}"
EndProject
Project("{9A19103F-16F7-4668-BE54-9A1E7A4F7556}") = "ClassIntro", "ClassIntro\ClassIntro.csproj", "{E2791C79-FC78-4453-8AB4-D3F4E97DE1DB}"
EndProject
Project("{9A19103F-16F7-4668-BE54-9A1E7A4F7556}") = "Metotlar", "Metotlar\Metotlar.csproj", "{DB62D759-90E3-47B1-94E8-3980ED2E9DDF}"
EndProject
Project("{9A19103F-16F7-4668-BE54-9A1E7A4F7556}") = "Matematik", "Matematik\Matematik.csproj", "{2B73868C-563F-4B4D-B5F0-6CCD1341745E}"
EndProject
Project("{9A19103F-16F7-4668-BE54-9A1E7A4F7556}") = "DegerveRefereansTipler", "DegerveRefereansTipler\DegerveRefereansTipler.csproj", "{B0F05737-B633-4ACC-8722-D729B4FC9118}"
EndProject
Project("{9A19103F-16F7-4668-BE54-9A1E7A4F7556}") = "ClassDemoMetot", "ClassDemoMetot\ClassDemoMetot.csproj", "{8E6B38EC-D83E-43DF-91F2-9DA1960002EB}"
EndProject
Project("{9A19103F-16F7-4668-BE54-9A1E7A4F7556}") = "OOP1", "OOP1\OOP1.csproj", "{DA4B8809-3CEC-4997-ACAB-F7E18D4852D5}"
EndProject
Project("{9A19103F-16F7-4668-BE54-9A1E7A4F7556}") = "Collections", "Collections\Collections.csproj", "{9F36F8D4-038D-4B02-96CC-870164F2BBF2}"
EndProject
Project("{9A19103F-16F7-4668-BE54-9A1E7A4F7556}") = "GenericsIntro", "GenericsIntro\GenericsIntro.csproj", "{252CBC57-FB97-46A5-93E9-F146FD2864EE}"
EndProject
Project("{9A19103F-16F7-4668-BE54-9A1E7A4F7556}") = "OOP2", "OOP2\OOP2.csproj", "{0FB86CB1-29D9-4F14-A2E5-35B4048ED28B}"
EndProject
Project("{9A19103F-16F7-4668-BE54-9A1E7A4F7556}") = "OOP3", "OOP3\OOP3.csproj", "{6D1C019F-B140-4377-A433-A6481C165543}"
EndProject
Project("{9A19103F-16F7-4668-BE54-9A1E7A4F7556}") = "Dictionary", "Dictionary\Dictionary.csproj", "{1476FA7D-5005-431E-8693-D7548153A959}"
EndProject
Project("{2150E333-8FDC-42A3-9474-1A3956D46DE8}") = "Solution Items", "Solution Items", "{1954AFFA-B502-4661-9952-9C0DB55D9924}"
	ProjectSection(SolutionItems) = preProject
		SQLIntro.sql = SQLIntro.sql
	EndProjectSection
EndProject
Global
	GlobalSection(SolutionConfigurationPlatforms) = preSolution
		Debug|Any CPU = Debug|Any CPU
		Release|Any CPU = Release|Any CPU
	EndGlobalSection
	GlobalSection(ProjectConfigurationPlatforms) = postSolution
		{4E4CBBDC-E846-40A6-8113-CF8BBF0A6B75}.Debug|Any CPU.ActiveCfg = Debug|Any CPU
		{4E4CBBDC-E846-40A6-8113-CF8BBF0A6B75}.Debug|Any CPU.Build.0 = Debug|Any CPU
		{4E4CBBDC-E846-40A6-8113-CF8BBF0A6B75}.Release|Any CPU.ActiveCfg = Release|Any CPU
		{4E4CBBDC-E846-40A6-8113-CF8BBF0A6B75}.Release|Any CPU.Build.0 = Release|Any CPU
		{7E5B4EEF-8AE6-4EFE-8059-98D0565CAE0C}.Debug|Any CPU.ActiveCfg = Debug|Any CPU
		{7E5B4EEF-8AE6-4EFE-8059-98D0565CAE0C}.Debug|Any CPU.Build.0 = Debug|Any CPU
		{7E5B4EEF-8AE6-4EFE-8059-98D0565CAE0C}.Release|Any CPU.ActiveCfg = Release|Any CPU
		{7E5B4EEF-8AE6-4EFE-8059-98D0565CAE0C}.Release|Any CPU.Build.0 = Release|Any CPU
		{E2791C79-FC78-4453-8AB4-D3F4E97DE1DB}.Debug|Any CPU.ActiveCfg = Debug|Any CPU
		{E2791C79-FC78-4453-8AB4-D3F4E97DE1DB}.Debug|Any CPU.Build.0 = Debug|Any CPU
		{E2791C79-FC78-4453-8AB4-D3F4E97DE1DB}.Release|Any CPU.ActiveCfg = Release|Any CPU
		{E2791C79-FC78-4453-8AB4-D3F4E97DE1DB}.Release|Any CPU.Build.0 = Release|Any CPU
		{DB62D759-90E3-47B1-94E8-3980ED2E9DDF}.Debug|Any CPU.ActiveCfg = Debug|Any CPU
		{DB62D759-90E3-47B1-94E8-3980ED2E9DDF}.Debug|Any CPU.Build.0 = Debug|Any CPU
		{DB62D759-90E3-47B1-94E8-3980ED2E9DDF}.Release|Any CPU.ActiveCfg = Release|Any CPU
		{DB62D759-90E3-47B1-94E8-3980ED2E9DDF}.Release|Any CPU.Build.0 = Release|Any CPU
		{2B73868C-563F-4B4D-B5F0-6CCD1341745E}.Debug|Any CPU.ActiveCfg = Debug|Any CPU
		{2B73868C-563F-4B4D-B5F0-6CCD1341745E}.Debug|Any CPU.Build.0 = Debug|Any CPU
		{2B73868C-563F-4B4D-B5F0-6CCD1341745E}.Release|Any CPU.ActiveCfg = Release|Any CPU
		{2B73868C-563F-4B4D-B5F0-6CCD1341745E}.Release|Any CPU.Build.0 = Release|Any CPU
		{B0F05737-B633-4ACC-8722-D729B4FC9118}.Debug|Any CPU.ActiveCfg = Debug|Any CPU
		{B0F05737-B633-4ACC-8722-D729B4FC9118}.Debug|Any CPU.Build.0 = Debug|Any CPU
		{B0F05737-B633-4ACC-8722-D729B4FC9118}.Release|Any CPU.ActiveCfg = Release|Any CPU
		{B0F05737-B633-4ACC-8722-D729B4FC9118}.Release|Any CPU.Build.0 = Release|Any CPU
		{8E6B38EC-D83E-43DF-91F2-9DA1960002EB}.Debug|Any CPU.ActiveCfg = Debug|Any CPU
		{8E6B38EC-D83E-43DF-91F2-9DA1960002EB}.Debug|Any CPU.Build.0 = Debug|Any CPU
		{8E6B38EC-D83E-43DF-91F2-9DA1960002EB}.Release|Any CPU.ActiveCfg = Release|Any CPU
		{8E6B38EC-D83E-43DF-91F2-9DA1960002EB}.Release|Any CPU.Build.0 = Release|Any CPU
		{DA4B8809-3CEC-4997-ACAB-F7E18D4852D5}.Debug|Any CPU.ActiveCfg = Debug|Any CPU
		{DA4B8809-3CEC-4997-ACAB-F7E18D4852D5}.Debug|Any CPU.Build.0 = Debug|Any CPU
		{DA4B8809-3CEC-4997-ACAB-F7E18D4852D5}.Release|Any CPU.ActiveCfg = Release|Any CPU
		{DA4B8809-3CEC-4997-ACAB-F7E18D4852D5}.Release|Any CPU.Build.0 = Release|Any CPU
		{9F36F8D4-038D-4B02-96CC-870164F2BBF2}.Debug|Any CPU.ActiveCfg = Debug|Any CPU
		{9F36F8D4-038D-4B02-96CC-870164F2BBF2}.Debug|Any CPU.Build.0 = Debug|Any CPU
		{9F36F8D4-038D-4B02-96CC-870164F2BBF2}.Release|Any CPU.ActiveCfg = Release|Any CPU
		{9F36F8D4-038D-4B02-96CC-870164F2BBF2}.Release|Any CPU.Build.0 = Release|Any CPU
		{252CBC57-FB97-46A5-93E9-F146FD2864EE}.Debug|Any CPU.ActiveCfg = Debug|Any CPU
		{252CBC57-FB97-46A5-93E9-F146FD2864EE}.Debug|Any CPU.Build.0 = Debug|Any CPU
		{252CBC57-FB97-46A5-93E9-F146FD2864EE}.Release|Any CPU.ActiveCfg = Release|Any CPU
		{252CBC57-FB97-46A5-93E9-F146FD2864EE}.Release|Any CPU.Build.0 = Release|Any CPU
		{0FB86CB1-29D9-4F14-A2E5-35B4048ED28B}.Debug|Any CPU.ActiveCfg = Debug|Any CPU
		{0FB86CB1-29D9-4F14-A2E5-35B4048ED28B}.Debug|Any CPU.Build.0 = Debug|Any CPU
		{0FB86CB1-29D9-4F14-A2E5-35B4048ED28B}.Release|Any CPU.ActiveCfg = Release|Any CPU
		{0FB86CB1-29D9-4F14-A2E5-35B4048ED28B}.Release|Any CPU.Build.0 = Release|Any CPU
		{6D1C019F-B140-4377-A433-A6481C165543}.Debug|Any CPU.ActiveCfg = Debug|Any CPU
		{6D1C019F-B140-4377-A433-A6481C165543}.Debug|Any CPU.Build.0 = Debug|Any CPU
		{6D1C019F-B140-4377-A433-A6481C165543}.Release|Any CPU.ActiveCfg = Release|Any CPU
		{6D1C019F-B140-4377-A433-A6481C165543}.Release|Any CPU.Build.0 = Release|Any CPU
		{1476FA7D-5005-431E-8693-D7548153A959}.Debug|Any CPU.ActiveCfg = Debug|Any CPU
		{1476FA7D-5005-431E-8693-D7548153A959}.Debug|Any CPU.Build.0 = Debug|Any CPU
		{1476FA7D-5005-431E-8693-D7548153A959}.Release|Any CPU.ActiveCfg = Release|Any CPU
		{1476FA7D-5005-431E-8693-D7548153A959}.Release|Any CPU.Build.0 = Release|Any CPU
	EndGlobalSection
	GlobalSection(SolutionProperties) = preSolution
		HideSolutionNode = FALSE
	EndGlobalSection
	GlobalSection(ExtensibilityGlobals) = postSolution
		SolutionGuid = {38F829FE-215D-49BC-BD83-200F395BB2B1}
	EndGlobalSection
EndGlobal
